// !$*UTF8*$!
{
	archiveVersion = 1;
	classes = {
	};
	objectVersion = 56;
	objects = {

/* Begin PBXBuildFile section */
		20C29253E87F2E5FD17CD53C /* LogoView.swift in Sources */ = {isa = PBXBuildFile; fileRef = CB336B53BDFA8DCB90D79D5F /* LogoView.swift */; };
		256C78FAEEDCA00A7F130C4A /* Resources/customers.json in Resources */ = {isa = PBXBuildFile; fileRef = BE931A95B0EE4B1D6E6EF2FE /* Resources/customers.json */; };
		25A8EE4CE4D8F19B1E9A9B4B /* Resources/thanyawit_customers.csv in Resources */ = {isa = PBXBuildFile; fileRef = 44DA2E9867E2E3AF17BA7F23 /* Resources/thanyawit_customers.csv */; };
		28DDABF16A417F6DEB1C4221 /* Resources/company_logo.png in Resources */ = {isa = PBXBuildFile; fileRef = CF17FC4400FBA720DD4069A2 /* Resources/company_logo.png */; };
		300C1132D8E5F47200BD4419 /* ExportView.swift in Sources */ = {isa = PBXBuildFile; fileRef = 789ED9C29C52F44A86DE3FB4 /* ExportView.swift */; };
		323C54F93E3FFC84FB7C7E77 /* TrackingSettingsView.swift in Sources */ = {isa = PBXBuildFile; fileRef = FA0C04D36D8F168D15E0C8E4 /* TrackingSettingsView.swift */; };
		5D3DA7A30CEB36A4C7D7FAE7 /* DocumentControlView.swift in Sources */ = {isa = PBXBuildFile; fileRef = 3CF83A4D83C30796992326F7 /* DocumentControlView.swift */; };
		62617E47B5C3E5E8BC3EC639 /* Formatters.swift in Sources */ = {isa = PBXBuildFile; fileRef = C3444769D6CEB87BB12188C5 /* Formatters.swift */; };
		6C26B8C0123ABCDAC4615C0C /* FormsCommandView.swift in Sources */ = {isa = PBXBuildFile; fileRef = 8555E2CB6665C4D50E33CC3D /* FormsCommandView.swift */; };
		7288DD0957E6CAE03AB89C47 /* V7StoreExtension.swift in Sources */ = {isa = PBXBuildFile; fileRef = 18A053520FDD1CBE6598D540 /* V7StoreExtension.swift */; };
		753200A0421A693B9CFA14C2 /* TrackingService.swift in Sources */ = {isa = PBXBuildFile; fileRef = CB2470CB3EB785CEA5B83477 /* TrackingService.swift */; };
		825DAA6CBBA7190D7668CBF6 /* Models.swift in Sources */ = {isa = PBXBuildFile; fileRef = F7A8C0A647A92D7B91EBAFBE /* Models.swift */; };
		86A100000000000000000001 /* WindaFolderImporter.swift in Sources */ = {isa = PBXBuildFile; fileRef = 86A100000000000000000101 /* WindaFolderImporter.swift */; };
		86A100000000000000000002 /* WindaFolderImporterTests.swift in Sources */ = {isa = PBXBuildFile; fileRef = 86A100000000000000000102 /* WindaFolderImporterTests.swift */; };
		8793AB39D0089E256D96CBAD /* PrecheckView.swift in Sources */ = {isa = PBXBuildFile; fileRef = 43232215956C3F5C5BAD5648 /* PrecheckView.swift */; };
		8C6175E7D4401E660D1F31DF /* Assets.xcassets in Resources */ = {isa = PBXBuildFile; fileRef = B16A58646BB87EB90D038977 /* Assets.xcassets */; };
		A5C9E903F2BC6FCEDBB67B59 /* ThanyawitCustomerApp.swift in Sources */ = {isa = PBXBuildFile; fileRef = 743B002E4AB7AE02A4722F12 /* ThanyawitCustomerApp.swift */; };
		AC0BB219EBABC77A18CB13C5 /* CustomerStore.swift in Sources */ = {isa = PBXBuildFile; fileRef = 3BB35D015355B2DDF71B267E /* CustomerStore.swift */; };
		C084C6CCB18B970218DA2F22 /* DashboardView.swift in Sources */ = {isa = PBXBuildFile; fileRef = A6136BB5B9F7F828FC6F8803 /* DashboardView.swift */; };
		C6A5AA1937C362EFE96D3E28 /* ContentView.swift in Sources */ = {isa = PBXBuildFile; fileRef = 75C83417BA3B57BC68818478 /* ContentView.swift */; };
		D1FEA452509B7E82BEBDE1CE /* BillingView.swift in Sources */ = {isa = PBXBuildFile; fileRef = E25B8351F0118F4378D01386 /* BillingView.swift */; };
		D52CE7A9544B807EF94E53B8 /* CustomersView.swift in Sources */ = {isa = PBXBuildFile; fileRef = 8165A4586701C71B18910EB7 /* CustomersView.swift */; };
		F819F31BD3FF857F153A2D8F /* MasterDataView.swift in Sources */ = {isa = PBXBuildFile; fileRef = 4F7431D144004B966983F2C5 /* MasterDataView.swift */; };
		F8BE8F62255F92C1670C7124 /* TaxTimelineView.swift in Sources */ = {isa = PBXBuildFile; fileRef = EEB49F97DABF0EE066B1CAD9 /* TaxTimelineView.swift */; };
/* End PBXBuildFile section */

/* Begin PBXFileReference section */
		18A053520FDD1CBE6598D540 /* V7StoreExtension.swift */ = {isa = PBXFileReference; lastKnownFileType = sourcecode.swift; path = V7StoreExtension.swift; sourceTree = "<group>"; };
		3BB35D015355B2DDF71B267E /* CustomerStore.swift */ = {isa = PBXFileReference; lastKnownFileType = sourcecode.swift; path = CustomerStore.swift; sourceTree = "<group>"; };
		3CF83A4D83C30796992326F7 /* DocumentControlView.swift */ = {isa = PBXFileReference; lastKnownFileType = sourcecode.swift; path = DocumentControlView.swift; sourceTree = "<group>"; };
		44DA2E9867E2E3AF17BA7F23 /* Resources/thanyawit_customers.csv */ = {isa = PBXFileReference; lastKnownFileType = text; path = Resources/thanyawit_customers.csv; sourceTree = "<group>"; };
		43232215956C3F5C5BAD5648 /* PrecheckView.swift */ = {isa = PBXFileReference; lastKnownFileType = sourcecode.swift; path = PrecheckView.swift; sourceTree = "<group>"; };
		4F7431D144004B966983F2C5 /* MasterDataView.swift */ = {isa = PBXFileReference; lastKnownFileType = sourcecode.swift; path = MasterDataView.swift; sourceTree = "<group>"; };
		743B002E4AB7AE02A4722F12 /* ThanyawitCustomerApp.swift */ = {isa = PBXFileReference; lastKnownFileType = sourcecode.swift; path = ThanyawitCustomerApp.swift; sourceTree = "<group>"; };
		75C83417BA3B57BC68818478 /* ContentView.swift */ = {isa = PBXFileReference; lastKnownFileType = sourcecode.swift; path = ContentView.swift; sourceTree = "<group>"; };
		789ED9C29C52F44A86DE3FB4 /* ExportView.swift */ = {isa = PBXFileReference; lastKnownFileType = sourcecode.swift; path = ExportView.swift; sourceTree = "<group>"; };
		8165A4586701C71B18910EB7 /* CustomersView.swift */ = {isa = PBXFileReference; lastKnownFileType = sourcecode.swift; path = CustomersView.swift; sourceTree = "<group>"; };
		8555E2CB6665C4D50E33CC3D /* FormsCommandView.swift */ = {isa = PBXFileReference; lastKnownFileType = sourcecode.swift; path = FormsCommandView.swift; sourceTree = "<group>"; };
		A6136BB5B9F7F828FC6F8803 /* DashboardView.swift */ = {isa = PBXFileReference; lastKnownFileType = sourcecode.swift; path = DashboardView.swift; sourceTree = "<group>"; };
		A97C29AD63741CF438998CE6 /* ThanyawitCustomer.app */ = {isa = PBXFileReference; explicitFileType = wrapper.application; includeInIndex = 0; path = ThanyawitCustomer.app; sourceTree = BUILT_PRODUCTS_DIR; };
		86A100000000000000000103 /* ThanyawitCustomerTests.xctest */ = {isa = PBXFileReference; explicitFileType = wrapper.cfbundle; includeInIndex = 0; path = ThanyawitCustomerTests.xctest; sourceTree = BUILT_PRODUCTS_DIR; };
		86A100000000000000000101 /* WindaFolderImporter.swift */ = {isa = PBXFileReference; lastKnownFileType = sourcecode.swift; path = WindaFolderImporter.swift; sourceTree = "<group>"; };
		86A100000000000000000102 /* WindaFolderImporterTests.swift */ = {isa = PBXFileReference; lastKnownFileType = sourcecode.swift; path = WindaFolderImporterTests.swift; sourceTree = "<group>"; };
		B16A58646BB87EB90D038977 /* Assets.xcassets */ = {isa = PBXFileReference; lastKnownFileType = folder.assetcatalog; path = Assets.xcassets; sourceTree = "<group>"; };
		BE931A95B0EE4B1D6E6EF2FE /* Resources/customers.json */ = {isa = PBXFileReference; lastKnownFileType = text.json; path = Resources/customers.json; sourceTree = "<group>"; };
		C3444769D6CEB87BB12188C5 /* Formatters.swift */ = {isa = PBXFileReference; lastKnownFileType = sourcecode.swift; path = Formatters.swift; sourceTree = "<group>"; };
		CB2470CB3EB785CEA5B83477 /* TrackingService.swift */ = {isa = PBXFileReference; lastKnownFileType = sourcecode.swift; path = TrackingService.swift; sourceTree = "<group>"; };
		CB336B53BDFA8DCB90D79D5F /* LogoView.swift */ = {isa = PBXFileReference; lastKnownFileType = sourcecode.swift; path = LogoView.swift; sourceTree = "<group>"; };
		CF17FC4400FBA720DD4069A2 /* Resources/company_logo.png */ = {isa = PBXFileReference; lastKnownFileType = image.png; path = Resources/company_logo.png; sourceTree = "<group>"; };
		E25B8351F0118F4378D01386 /* BillingView.swift */ = {isa = PBXFileReference; lastKnownFileType = sourcecode.swift; path = BillingView.swift; sourceTree = "<group>"; };
		EEB49F97DABF0EE066B1CAD9 /* TaxTimelineView.swift */ = {isa = PBXFileReference; lastKnownFileType = sourcecode.swift; path = TaxTimelineView.swift; sourceTree = "<group>"; };
		F7A8C0A647A92D7B91EBAFBE /* Models.swift */ = {isa = PBXFileReference; lastKnownFileType = sourcecode.swift; path = Models.swift; sourceTree = "<group>"; };
		FA0C04D36D8F168D15E0C8E4 /* TrackingSettingsView.swift */ = {isa = PBXFileReference; lastKnownFileType = sourcecode.swift; path = TrackingSettingsView.swift; sourceTree = "<group>"; };
/* End PBXFileReference section */

/* Begin PBXFrameworksBuildPhase section */
		29B2D46AA747A59804D46E1F /* Frameworks */ = {
			isa = PBXFrameworksBuildPhase;
			buildActionMask = 2147483647;
			files = (
			);
			runOnlyForDeploymentPostprocessing = 0;
		};
/* End PBXFrameworksBuildPhase section */

/* Begin PBXGroup section */
		5928955287B8089ED2177128 = {
			isa = PBXGroup;
			children = (
				D2553A7ED56BB6FA7D4ED2BF /* ThanyawitCustomer */,
				86A100000000000000000104 /* ThanyawitCustomerTests */,
				D59F6469233080B6364F20D4 /* Products */,
			);
			sourceTree = "<group>";
		};
		86A100000000000000000104 /* ThanyawitCustomerTests */ = {
			isa = PBXGroup;
			children = (
				86A100000000000000000102 /* WindaFolderImporterTests.swift */,
			);
			path = ThanyawitCustomerTests;
			sourceTree = "<group>";
		};
		D2553A7ED56BB6FA7D4ED2BF /* ThanyawitCustomer */ = {
			isa = PBXGroup;
			children = (
				8555E2CB6665C4D50E33CC3D /* FormsCommandView.swift */,
				4F7431D144004B966983F2C5 /* MasterDataView.swift */,
				FA0C04D36D8F168D15E0C8E4 /* TrackingSettingsView.swift */,
				CB2470CB3EB785CEA5B83477 /* TrackingService.swift */,
				EEB49F97DABF0EE066B1CAD9 /* TaxTimelineView.swift */,
				3CF83A4D83C30796992326F7 /* DocumentControlView.swift */,
				18A053520FDD1CBE6598D540 /* V7StoreExtension.swift */,
				B16A58646BB87EB90D038977 /* Assets.xcassets */,
				CF17FC4400FBA720DD4069A2 /* Resources/company_logo.png */,
				CB336B53BDFA8DCB90D79D5F /* LogoView.swift */,
				743B002E4AB7AE02A4722F12 /* ThanyawitCustomerApp.swift */,
				F7A8C0A647A92D7B91EBAFBE /* Models.swift */,
				86A100000000000000000101 /* WindaFolderImporter.swift */,
				3BB35D015355B2DDF71B267E /* CustomerStore.swift */,
				C3444769D6CEB87BB12188C5 /* Formatters.swift */,
				75C83417BA3B57BC68818478 /* ContentView.swift */,
				A6136BB5B9F7F828FC6F8803 /* DashboardView.swift */,
				8165A4586701C71B18910EB7 /* CustomersView.swift */,
				E25B8351F0118F4378D01386 /* BillingView.swift */,
				43232215956C3F5C5BAD5648 /* PrecheckView.swift */,
				789ED9C29C52F44A86DE3FB4 /* ExportView.swift */,
				BE931A95B0EE4B1D6E6EF2FE /* Resources/customers.json */,
				44DA2E9867E2E3AF17BA7F23 /* Resources/thanyawit_customers.csv */,
			);
			path = ThanyawitCustomer;
			sourceTree = "<group>";
		};
		D59F6469233080B6364F20D4 /* Products */ = {
			isa = PBXGroup;
			children = (
				A97C29AD63741CF438998CE6 /* ThanyawitCustomer.app */,
				86A100000000000000000103 /* ThanyawitCustomerTests.xctest */,
			);
			name = Products;
			sourceTree = "<group>";
		};
/* End PBXGroup section */

/* Begin PBXNativeTarget section */
		42AEFBAE01D2DFD981F7DA7D /* ThanyawitCustomer */ = {
			isa = PBXNativeTarget;
			buildConfigurationList = DA761707141220268A76E879 /* Build configuration list for PBXNativeTarget "ThanyawitCustomer" */;
			buildPhases = (
				E7209FB05162B7572F88D05E /* Sources */,
				29B2D46AA747A59804D46E1F /* Frameworks */,
				66F8606E9F0A136E2228EBCB /* Resources */,
			);
			buildRules = (
			);
			dependencies = (
			);
			name = ThanyawitCustomer;
			productName = ThanyawitCustomer;
			productReference = A97C29AD63741CF438998CE6 /* ThanyawitCustomer.app */;
			productType = "com.apple.product-type.application";
		};
		86A100000000000000000105 /* ThanyawitCustomerTests */ = {
			isa = PBXNativeTarget;
			buildConfigurationList = 86A100000000000000000106 /* Build configuration list for PBXNativeTarget "ThanyawitCustomerTests" */;
			buildPhases = (
				86A100000000000000000108 /* Sources */,
				86A100000000000000000107 /* Frameworks */,
				86A100000000000000000109 /* Resources */,
			);
			buildRules = (
			);
			dependencies = (
				86A10000000000000000010A /* PBXTargetDependency */,
			);
			name = ThanyawitCustomerTests;
			productName = ThanyawitCustomerTests;
			productReference = 86A100000000000000000103 /* ThanyawitCustomerTests.xctest */;
			productType = "com.apple.product-type.bundle.unit-test";
		};
/* End PBXNativeTarget section */

/* Begin PBXProject section */
		46F86FAA6BBF9AC94A7E4595 /* Project object */ = {
			isa = PBXProject;
			attributes = {
				BuildIndependentTargetsInParallel = 1;
				LastSwiftUpdateCheck = 1540;
				LastUpgradeCheck = 2640;
				TargetAttributes = {
					42AEFBAE01D2DFD981F7DA7D = {
						CreatedOnToolsVersion = 15.4;
					};
					86A100000000000000000105 = {
						CreatedOnToolsVersion = 15.4;
						TestTargetID = 42AEFBAE01D2DFD981F7DA7D;
					};
				};
			};
			buildConfigurationList = 922D2B5224EFB4EDB7F5CC54 /* Build configuration list for PBXProject "ThanyawitCustomer" */;
			compatibilityVersion = "Xcode 14.0";
			developmentRegion = th;
			hasScannedForEncodings = 0;
			knownRegions = (
				th,
				en,
				Base,
			);
			mainGroup = 5928955287B8089ED2177128;
			productRefGroup = D59F6469233080B6364F20D4 /* Products */;
			projectDirPath = "";
			projectRoot = "";
			targets = (
				42AEFBAE01D2DFD981F7DA7D /* ThanyawitCustomer */,
				86A100000000000000000105 /* ThanyawitCustomerTests */,
			);
		};
/* End PBXProject section */

/* Begin PBXContainerItemProxy section */
		86A10000000000000000010B /* PBXContainerItemProxy */ = {
			isa = PBXContainerItemProxy;
			containerPortal = 46F86FAA6BBF9AC94A7E4595 /* Project object */;
			proxyType = 1;
			remoteGlobalIDString = 42AEFBAE01D2DFD981F7DA7D;
			remoteInfo = ThanyawitCustomer;
		};
/* End PBXContainerItemProxy section */

/* Begin PBXTargetDependency section */
		86A10000000000000000010A /* PBXTargetDependency */ = {
			isa = PBXTargetDependency;
			target = 42AEFBAE01D2DFD981F7DA7D /* ThanyawitCustomer */;
			targetProxy = 86A10000000000000000010B /* PBXContainerItemProxy */;
		};
/* End PBXTargetDependency section */

/* Begin PBXResourcesBuildPhase section */
		66F8606E9F0A136E2228EBCB /* Resources */ = {
			isa = PBXResourcesBuildPhase;
			buildActionMask = 2147483647;
			files = (
				8C6175E7D4401E660D1F31DF /* Assets.xcassets in Resources */,
				28DDABF16A417F6DEB1C4221 /* Resources/company_logo.png in Resources */,
				256C78FAEEDCA00A7F130C4A /* Resources/customers.json in Resources */,
				25A8EE4CE4D8F19B1E9A9B4B /* Resources/thanyawit_customers.csv in Resources */,
			);
			runOnlyForDeploymentPostprocessing = 0;
		};
/* End PBXResourcesBuildPhase section */

/* Begin PBXSourcesBuildPhase section */
		E7209FB05162B7572F88D05E /* Sources */ = {
			isa = PBXSourcesBuildPhase;
			buildActionMask = 2147483647;
			files = (
				6C26B8C0123ABCDAC4615C0C /* FormsCommandView.swift in Sources */,
				F819F31BD3FF857F153A2D8F /* MasterDataView.swift in Sources */,
				323C54F93E3FFC84FB7C7E77 /* TrackingSettingsView.swift in Sources */,
				753200A0421A693B9CFA14C2 /* TrackingService.swift in Sources */,
				F8BE8F62255F92C1670C7124 /* TaxTimelineView.swift in Sources */,
				5D3DA7A30CEB36A4C7D7FAE7 /* DocumentControlView.swift in Sources */,
				7288DD0957E6CAE03AB89C47 /* V7StoreExtension.swift in Sources */,
				20C29253E87F2E5FD17CD53C /* LogoView.swift in Sources */,
				A5C9E903F2BC6FCEDBB67B59 /* ThanyawitCustomerApp.swift in Sources */,
				825DAA6CBBA7190D7668CBF6 /* Models.swift in Sources */,
				86A100000000000000000001 /* WindaFolderImporter.swift in Sources */,
				AC0BB219EBABC77A18CB13C5 /* CustomerStore.swift in Sources */,
				62617E47B5C3E5E8BC3EC639 /* Formatters.swift in Sources */,
				C6A5AA1937C362EFE96D3E28 /* ContentView.swift in Sources */,
				C084C6CCB18B970218DA2F22 /* DashboardView.swift in Sources */,
				D52CE7A9544B807EF94E53B8 /* CustomersView.swift in Sources */,
				D1FEA452509B7E82BEBDE1CE /* BillingView.swift in Sources */,
				8793AB39D0089E256D96CBAD /* PrecheckView.swift in Sources */,
				300C1132D8E5F47200BD4419 /* ExportView.swift in Sources */,
			);
			runOnlyForDeploymentPostprocessing = 0;
		};
		86A100000000000000000108 /* Sources */ = {
			isa = PBXSourcesBuildPhase;
			buildActionMask = 2147483647;
			files = (
				86A100000000000000000002 /* WindaFolderImporterTests.swift in Sources */,
			);
			runOnlyForDeploymentPostprocessing = 0;
		};
/* End PBXSourcesBuildPhase section */

/* Begin PBXFrameworksBuildPhase section */
		86A100000000000000000107 /* Frameworks */ = {
			isa = PBXFrameworksBuildPhase;
			buildActionMask = 2147483647;
			files = (
			);
			runOnlyForDeploymentPostprocessing = 0;
		};
/* End PBXFrameworksBuildPhase section */

/* Begin PBXResourcesBuildPhase section */
		86A100000000000000000109 /* Resources */ = {
			isa = PBXResourcesBuildPhase;
			buildActionMask = 2147483647;
			files = (
			);
			runOnlyForDeploymentPostprocessing = 0;
		};
/* End PBXResourcesBuildPhase section */

/* Begin XCBuildConfiguration section */
		4DC7B479A29173674AFD7BAC /* Release */ = {
			isa = XCBuildConfiguration;
			buildSettings = {
				ASSETCATALOG_COMPILER_APPICON_NAME = AppIcon;
				CODE_SIGN_STYLE = Automatic;
				CURRENT_PROJECT_VERSION = 1;
				GENERATE_INFOPLIST_FILE = YES;
				INFOPLIST_KEY_CFBundleDisplayName = "ธัญญวิชญ์";
				INFOPLIST_KEY_LSRequiresIPhoneOS = YES;
				INFOPLIST_KEY_UIApplicationSceneManifest_Generation = YES;
				INFOPLIST_KEY_UILaunchScreen_Generation = YES;
				INFOPLIST_KEY_UISupportedInterfaceOrientations_iPad = "UIInterfaceOrientationPortrait UIInterfaceOrientationPortraitUpsideDown UIInterfaceOrientationLandscapeLeft UIInterfaceOrientationLandscapeRight";
				IPHONEOS_DEPLOYMENT_TARGET = 17.0;
				MARKETING_VERSION = 2.7;
				PRODUCT_BUNDLE_IDENTIFIER = com.wongsaphat.thanyawitcustomer.v17;
				PRODUCT_MODULE_NAME = ThanyawitCustomer;
				PRODUCT_NAME = "$(TARGET_NAME)";
				SUPPORTED_PLATFORMS = "iphoneos iphonesimulator";
				SUPPORTS_MACCATALYST = NO;
				SUPPORTS_MAC_DESIGNED_FOR_IPHONE_IPAD = NO;
				SWIFT_EMIT_LOC_STRINGS = YES;
				SWIFT_VERSION = 5.0;
				TARGETED_DEVICE_FAMILY = 2;
			};
			name = Release;
		};
		683105B965893FCC643C4ECF /* Debug */ = {
			isa = XCBuildConfiguration;
			buildSettings = {
				ASSETCATALOG_COMPILER_APPICON_NAME = AppIcon;
				CODE_SIGN_STYLE = Automatic;
				CURRENT_PROJECT_VERSION = 1;
				DEVELOPMENT_ASSET_PATHS = "";
				GENERATE_INFOPLIST_FILE = YES;
				INFOPLIST_KEY_CFBundleDisplayName = "ธัญญวิชญ์";
				INFOPLIST_KEY_LSRequiresIPhoneOS = YES;
				INFOPLIST_KEY_UIApplicationSceneManifest_Generation = YES;
				INFOPLIST_KEY_UILaunchScreen_Generation = YES;
				INFOPLIST_KEY_UISupportedInterfaceOrientations_iPad = "UIInterfaceOrientationPortrait UIInterfaceOrientationPortraitUpsideDown UIInterfaceOrientationLandscapeLeft UIInterfaceOrientationLandscapeRight";
				IPHONEOS_DEPLOYMENT_TARGET = 17.0;
				MARKETING_VERSION = 2.7;
				PRODUCT_BUNDLE_IDENTIFIER = com.wongsaphat.thanyawitcustomer.v17;
				PRODUCT_MODULE_NAME = ThanyawitCustomer;
				PRODUCT_NAME = "$(TARGET_NAME)";
				SUPPORTED_PLATFORMS = "iphoneos iphonesimulator";
				SUPPORTS_MACCATALYST = NO;
				SUPPORTS_MAC_DESIGNED_FOR_IPHONE_IPAD = NO;
				SWIFT_EMIT_LOC_STRINGS = YES;
				SWIFT_VERSION = 5.0;
				TARGETED_DEVICE_FAMILY = 2;
			};
			name = Debug;
		};
		B74382A4D110BEFC1DEB55E4 /* Debug */ = {
			isa = XCBuildConfiguration;
			buildSettings = {
				ALWAYS_SEARCH_USER_PATHS = NO;
				CLANG_ANALYZER_LOCALIZABILITY_NONLOCALIZED = YES;
				CLANG_ANALYZER_NONNULL = YES;
				CLANG_ANALYZER_NUMBER_OBJECT_CONVERSION = YES_AGGRESSIVE;
				CLANG_CXX_LANGUAGE_STANDARD = "gnu++20";
				CLANG_ENABLE_MODULES = YES;
				CLANG_ENABLE_OBJC_ARC = YES;
				CLANG_ENABLE_OBJC_WEAK = YES;
				CLANG_WARN_BLOCK_CAPTURE_AUTORELEASING = YES;
				CLANG_WARN_BOOL_CONVERSION = YES;
				CLANG_WARN_COMMA = YES;
				CLANG_WARN_CONSTANT_CONVERSION = YES;
				CLANG_WARN_DEPRECATED_OBJC_IMPLEMENTATIONS = YES;
				CLANG_WARN_DIRECT_OBJC_ISA_USAGE = YES_ERROR;
				CLANG_WARN_DOCUMENTATION_COMMENTS = YES;
				CLANG_WARN_EMPTY_BODY = YES;
				CLANG_WARN_ENUM_CONVERSION = YES;
				CLANG_WARN_INFINITE_RECURSION = YES;
				CLANG_WARN_INT_CONVERSION = YES;
				CLANG_WARN_NON_LITERAL_NULL_CONVERSION = YES;
				CLANG_WARN_OBJC_IMPLICIT_RETAIN_SELF = YES;
				CLANG_WARN_OBJC_LITERAL_CONVERSION = YES;
				CLANG_WARN_QUOTED_INCLUDE_IN_FRAMEWORK_HEADER = YES;
				CLANG_WARN_RANGE_LOOP_ANALYSIS = YES;
				CLANG_WARN_STRICT_PROTOTYPES = YES;
				CLANG_WARN_SUSPICIOUS_MOVE = YES;
				CLANG_WARN_UNGUARDED_AVAILABILITY = YES_AGGRESSIVE;
				CLANG_WARN_UNREACHABLE_CODE = YES;
				CLANG_WARN__DUPLICATE_METHOD_MATCH = YES;
				COPY_PHASE_STRIP = NO;
				DEBUG_INFORMATION_FORMAT = dwarf;
				DEVELOPMENT_TEAM = XD88SHKX52;
				ENABLE_STRICT_OBJC_MSGSEND = YES;
				ENABLE_TESTABILITY = YES;
				ENABLE_USER_SCRIPT_SANDBOXING = YES;
				GCC_C_LANGUAGE_STANDARD = gnu17;
				GCC_DYNAMIC_NO_PIC = NO;
				GCC_NO_COMMON_BLOCKS = YES;
				GCC_OPTIMIZATION_LEVEL = 0;
				GCC_PREPROCESSOR_DEFINITIONS = (
					"DEBUG=1",
					"$(inherited)",
				);
				GCC_WARN_64_TO_32_BIT_CONVERSION = YES;
				GCC_WARN_ABOUT_RETURN_TYPE = YES_ERROR;
				GCC_WARN_UNDECLARED_SELECTOR = YES;
				GCC_WARN_UNINITIALIZED_AUTOS = YES_AGGRESSIVE;
				GCC_WARN_UNUSED_FUNCTION = YES;
				GCC_WARN_UNUSED_VARIABLE = YES;
				IPHONEOS_DEPLOYMENT_TARGET = 17.0;
				ONLY_ACTIVE_ARCH = YES;
				SDKROOT = iphoneos;
				STRING_CATALOG_GENERATE_SYMBOLS = YES;
				SWIFT_ACTIVE_COMPILATION_CONDITIONS = DEBUG;
				SWIFT_OPTIMIZATION_LEVEL = "-Onone";
			};
			name = Debug;
		};
		F901A40D62D95EAB754CE15B /* Release */ = {
			isa = XCBuildConfiguration;
			buildSettings = {
				ALWAYS_SEARCH_USER_PATHS = NO;
				CLANG_ANALYZER_LOCALIZABILITY_NONLOCALIZED = YES;
				CLANG_ANALYZER_NONNULL = YES;
				CLANG_ANALYZER_NUMBER_OBJECT_CONVERSION = YES_AGGRESSIVE;
				CLANG_CXX_LANGUAGE_STANDARD = "gnu++20";
				CLANG_ENABLE_MODULES = YES;
				CLANG_ENABLE_OBJC_ARC = YES;
				CLANG_ENABLE_OBJC_WEAK = YES;
				CLANG_WARN_BLOCK_CAPTURE_AUTORELEASING = YES;
				CLANG_WARN_BOOL_CONVERSION = YES;
				CLANG_WARN_COMMA = YES;
				CLANG_WARN_CONSTANT_CONVERSION = YES;
				CLANG_WARN_DEPRECATED_OBJC_IMPLEMENTATIONS = YES;
				CLANG_WARN_DIRECT_OBJC_ISA_USAGE = YES_ERROR;
				CLANG_WARN_DOCUMENTATION_COMMENTS = YES;
				CLANG_WARN_EMPTY_BODY = YES;
				CLANG_WARN_ENUM_CONVERSION = YES;
				CLANG_WARN_INFINITE_RECURSION = YES;
				CLANG_WARN_INT_CONVERSION = YES;
				CLANG_WARN_NON_LITERAL_NULL_CONVERSION = YES;
				CLANG_WARN_OBJC_IMPLICIT_RETAIN_SELF = YES;
				CLANG_WARN_OBJC_LITERAL_CONVERSION = YES;
				CLANG_WARN_QUOTED_INCLUDE_IN_FRAMEWORK_HEADER = YES;
				CLANG_WARN_RANGE_LOOP_ANALYSIS = YES;
				CLANG_WARN_STRICT_PROTOTYPES = YES;
				CLANG_WARN_SUSPICIOUS_MOVE = YES;
				CLANG_WARN_UNGUARDED_AVAILABILITY = YES_AGGRESSIVE;
				CLANG_WARN_UNREACHABLE_CODE = YES;
				CLANG_WARN__DUPLICATE_METHOD_MATCH = YES;
				COPY_PHASE_STRIP = NO;
				DEBUG_INFORMATION_FORMAT = "dwarf-with-dsym";
				DEVELOPMENT_TEAM = XD88SHKX52;
				ENABLE_NS_ASSERTIONS = NO;
				ENABLE_STRICT_OBJC_MSGSEND = YES;
				ENABLE_USER_SCRIPT_SANDBOXING = YES;
				GCC_C_LANGUAGE_STANDARD = gnu17;
				GCC_NO_COMMON_BLOCKS = YES;
				GCC_WARN_64_TO_32_BIT_CONVERSION = YES;
				GCC_WARN_ABOUT_RETURN_TYPE = YES_ERROR;
				GCC_WARN_UNDECLARED_SELECTOR = YES;
				GCC_WARN_UNINITIALIZED_AUTOS = YES_AGGRESSIVE;
				GCC_WARN_UNUSED_FUNCTION = YES;
				GCC_WARN_UNUSED_VARIABLE = YES;
				IPHONEOS_DEPLOYMENT_TARGET = 17.0;
				SDKROOT = iphoneos;
				STRING_CATALOG_GENERATE_SYMBOLS = YES;
				SWIFT_COMPILATION_MODE = wholemodule;
				VALIDATE_PRODUCT = YES;
			};
			name = Release;
		};
		86A10000000000000000010C /* Debug */ = {
			isa = XCBuildConfiguration;
			buildSettings = {
				BUNDLE_LOADER = "$(TEST_HOST)";
				CODE_SIGN_STYLE = Automatic;
				CURRENT_PROJECT_VERSION = 1;
				GENERATE_INFOPLIST_FILE = YES;
				IPHONEOS_DEPLOYMENT_TARGET = 17.0;
				LD_RUNPATH_SEARCH_PATHS = (
					"$(inherited)",
					"@executable_path/Frameworks",
					"@loader_path/Frameworks",
				);
				MARKETING_VERSION = 1.0;
				PRODUCT_BUNDLE_IDENTIFIER = com.wongsaphat.thanyawitcustomer.v17.tests;
				PRODUCT_NAME = "$(TARGET_NAME)";
				SUPPORTED_PLATFORMS = "iphoneos iphonesimulator";
				SWIFT_VERSION = 5.0;
				TARGETED_DEVICE_FAMILY = 2;
				TEST_HOST = "$(BUILT_PRODUCTS_DIR)/ThanyawitCustomer.app/ThanyawitCustomer";
			};
			name = Debug;
		};
		86A10000000000000000010D /* Release */ = {
			isa = XCBuildConfiguration;
			buildSettings = {
				BUNDLE_LOADER = "$(TEST_HOST)";
				CODE_SIGN_STYLE = Automatic;
				CURRENT_PROJECT_VERSION = 1;
				GENERATE_INFOPLIST_FILE = YES;
				IPHONEOS_DEPLOYMENT_TARGET = 17.0;
				LD_RUNPATH_SEARCH_PATHS = (
					"$(inherited)",
					"@executable_path/Frameworks",
					"@loader_path/Frameworks",
				);
				MARKETING_VERSION = 1.0;
				PRODUCT_BUNDLE_IDENTIFIER = com.wongsaphat.thanyawitcustomer.v17.tests;
				PRODUCT_NAME = "$(TARGET_NAME)";
				SUPPORTED_PLATFORMS = "iphoneos iphonesimulator";
				SWIFT_VERSION = 5.0;
				TARGETED_DEVICE_FAMILY = 2;
				TEST_HOST = "$(BUILT_PRODUCTS_DIR)/ThanyawitCustomer.app/ThanyawitCustomer";
			};
			name = Release;
		};
/* End XCBuildConfiguration section */

/* Begin XCConfigurationList section */
		922D2B5224EFB4EDB7F5CC54 /* Build configuration list for PBXProject "ThanyawitCustomer" */ = {
			isa = XCConfigurationList;
			buildConfigurations = (
				B74382A4D110BEFC1DEB55E4 /* Debug */,
				F901A40D62D95EAB754CE15B /* Release */,
			);
			defaultConfigurationIsVisible = 0;
			defaultConfigurationName = Release;
		};
		DA761707141220268A76E879 /* Build configuration list for PBXNativeTarget "ThanyawitCustomer" */ = {
			isa = XCConfigurationList;
			buildConfigurations = (
				683105B965893FCC643C4ECF /* Debug */,
				4DC7B479A29173674AFD7BAC /* Release */,
			);
			defaultConfigurationIsVisible = 0;
			defaultConfigurationName = Release;
		};
		86A100000000000000000106 /* Build configuration list for PBXNativeTarget "ThanyawitCustomerTests" */ = {
			isa = XCConfigurationList;
			buildConfigurations = (
				86A10000000000000000010C /* Debug */,
				86A10000000000000000010D /* Release */,
			);
			defaultConfigurationIsVisible = 0;
			defaultConfigurationName = Release;
		};
/* End XCConfigurationList section */
	};
	rootObject = 46F86FAA6BBF9AC94A7E4595 /* Project object */;
}
